
Microsoft Visual Studio Solution File, Format Version 12.00
Project("{FAE04EC0-301F-11D3-BF4B-00C04F79EFBC}") = "Sam3Sharp", "Sam3Sharp\Sam3Sharp.csproj", "{ED2CB79C-CE78-4F79-8ACE-3EEA1197ADC0}"
EndProject
Project("{FAE04EC0-301F-11D3-BF4B-00C04F79EFBC}") = "Test", "Test\Test.csproj", "{E7130239-5BC9-4E18-B3B7-E8C379EAAD41}"
EndProject
Global
	GlobalSection(SolutionConfigurationPlatforms) = preSolution
		Debug|Any CPU = Debug|Any CPU
		Release|Any CPU = Release|Any CPU
	EndGlobalSection
	GlobalSection(ProjectConfigurationPlatforms) = postSolution
		{ED2CB79C-CE78-4F79-8ACE-3EEA1197ADC0}.Debug|Any CPU.ActiveCfg = Debug|Any CPU
		{ED2CB79C-CE78-4F79-8ACE-3EEA1197ADC0}.Debug|Any CPU.Build.0 = Debug|Any CPU
		{ED2CB79C-CE78-4F79-8ACE-3EEA1197ADC0}.Release|Any CPU.ActiveCfg = Release|Any CPU
		{ED2CB79C-CE78-4F79-8ACE-3EEA1197ADC0}.Release|Any CPU.Build.0 = Release|Any CPU
		{E7130239-5BC9-4E18-B3B7-E8C379EAAD41}.Debug|Any CPU.ActiveCfg = Debug|Any CPU
		{E7130239-5BC9-4E18-B3B7-E8C379EAAD41}.Debug|Any CPU.Build.0 = Debug|Any CPU
		{E7130239-5BC9-4E18-B3B7-E8C379EAAD41}.Release|Any CPU.ActiveCfg = Release|Any CPU
		{E7130239-5BC9-4E18-B3B7-E8C379EAAD41}.Release|Any CPU.Build.0 = Release|Any CPU
	EndGlobalSection
EndGlobal
